
Microsoft Visual Studio Solution File, Format Version 12.00
# Visual Studio Version 16
VisualStudioVersion = 16.0.29509.3
MinimumVisualStudioVersion = 10.0.40219.1
Project("{FAE04EC0-301F-11D3-BF4B-00C04F79EFBC}") = "ZPXX 1.0", "ZPXX 1.0\ZPXX 1.0.csproj", "{1BD89724-E4D2-4158-B126-7007B2A99938}"
EndProject
Global
	GlobalSection(SolutionConfigurationPlatforms) = preSolution
		Debug|Any CPU = Debug|Any CPU
		Release|Any CPU = Release|Any CPU
	EndGlobalSection
	GlobalSection(ProjectConfigurationPlatforms) = postSolution
		{1BD89724-E4D2-4158-B126-7007B2A99938}.Debug|Any CPU.ActiveCfg = Debug|Any CPU
		{1BD89724-E4D2-4158-B126-7007B2A99938}.Debug|Any CPU.Build.0 = Debug|Any CPU
		{1BD89724-E4D2-4158-B126-7007B2A99938}.Release|Any CPU.ActiveCfg = Release|Any CPU
		{1BD89724-E4D2-4158-B126-7007B2A99938}.Release|Any CPU.Build.0 = Release|Any CPU
	EndGlobalSection
	GlobalSection(SolutionProperties) = preSolution
		HideSolutionNode = FALSE
	EndGlobalSection
	GlobalSection(ExtensibilityGlobals) = postSolution
		SolutionGuid = {ABCFBA9A-F963-4211-8EC8-5C34C065DF2B}
	EndGlobalSection
EndGlobal
